apiVersion: vendir.k14s.io/v1alpha1
directories:
- contents:
  - git:
      commitTitle: 'chore: release v0.13.0'
      sha: 66c8f6e1d159f76e529f7fc87e31c2140909b08e
      tags:
      - v0.13.0
    path: proxmox-cloud-controller-manager
  path: vendor
- contents:
  - directory: {}
    path: .
  path: helm/cloud-provider-proxmox
kind: LockConfig
