apiVersion: vendir.k14s.io/v1alpha1
directories:
- contents:
  - git:
      commitTitle: 'chore: release v0.8.0...'
      sha: 2e35df2db0e9a9bb1fb516104b0c90196a6dc9d9
      tags:
      - v0.8.0
    path: proxmox-cloud-controller-manager
  path: vendor
- contents:
  - directory: {}
    path: .
  path: helm/cloud-provider-proxmox
kind: LockConfig
