apiVersion: vendir.k14s.io/v1alpha1
directories:
- contents:
  - git:
      commitTitle: 'chore: release v0.15.0...'
      sha: de218a0daac68226263e95c224fbf46c5ffeec25
      tags:
      - v0.15.0
    path: proxmox-cloud-controller-manager
  path: vendor
- contents:
  - directory: {}
    path: .
  path: helm/cloud-provider-proxmox
kind: LockConfig
